
Microsoft Visual Studio Solution File, Format Version 12.00
# Visual Studio Version 17
VisualStudioVersion = 17.6.33829.357
MinimumVisualStudioVersion = 10.0.40219.1
Project("{9A19103F-16F7-4668-BE54-9A1E7A4F7556}") = "UsuarioProject", "UsuarioProject\UsuarioProject.csproj", "{AFDF4AB1-ED9D-48DD-9661-32A418F3EE26}"
EndProject
Project("{9A19103F-16F7-4668-BE54-9A1E7A4F7556}") = "Business", "Business\Business.csproj", "{ADB23C3F-FFCE-4FB8-83A5-937EC7499A77}"
EndProject
Project("{FAE04EC0-301F-11D3-BF4B-00C04F79EFBC}") = "infrastructure", "infrastructure\infrastructure.csproj", "{4089253F-8F9E-47D9-A431-A5F6349AD107}"
EndProject
Global
	GlobalSection(SolutionConfigurationPlatforms) = preSolution
		Debug|Any CPU = Debug|Any CPU
		Release|Any CPU = Release|Any CPU
	EndGlobalSection
	GlobalSection(ProjectConfigurationPlatforms) = postSolution
		{AFDF4AB1-ED9D-48DD-9661-32A418F3EE26}.Debug|Any CPU.ActiveCfg = Debug|Any CPU
		{AFDF4AB1-ED9D-48DD-9661-32A418F3EE26}.Debug|Any CPU.Build.0 = Debug|Any CPU
		{AFDF4AB1-ED9D-48DD-9661-32A418F3EE26}.Release|Any CPU.ActiveCfg = Release|Any CPU
		{AFDF4AB1-ED9D-48DD-9661-32A418F3EE26}.Release|Any CPU.Build.0 = Release|Any CPU
		{ADB23C3F-FFCE-4FB8-83A5-937EC7499A77}.Debug|Any CPU.ActiveCfg = Debug|Any CPU
		{ADB23C3F-FFCE-4FB8-83A5-937EC7499A77}.Debug|Any CPU.Build.0 = Debug|Any CPU
		{ADB23C3F-FFCE-4FB8-83A5-937EC7499A77}.Release|Any CPU.ActiveCfg = Release|Any CPU
		{ADB23C3F-FFCE-4FB8-83A5-937EC7499A77}.Release|Any CPU.Build.0 = Release|Any CPU
		{4089253F-8F9E-47D9-A431-A5F6349AD107}.Debug|Any CPU.ActiveCfg = Debug|Any CPU
		{4089253F-8F9E-47D9-A431-A5F6349AD107}.Debug|Any CPU.Build.0 = Debug|Any CPU
		{4089253F-8F9E-47D9-A431-A5F6349AD107}.Release|Any CPU.ActiveCfg = Release|Any CPU
		{4089253F-8F9E-47D9-A431-A5F6349AD107}.Release|Any CPU.Build.0 = Release|Any CPU
	EndGlobalSection
	GlobalSection(SolutionProperties) = preSolution
		HideSolutionNode = FALSE
	EndGlobalSection
	GlobalSection(ExtensibilityGlobals) = postSolution
		SolutionGuid = {D984E539-846D-450E-843C-D4445CF4FFAD}
	EndGlobalSection
EndGlobal
